
Microsoft Visual Studio Solution File, Format Version 12.00
# Visual Studio Version 17
VisualStudioVersion = 17.9.34902.65
MinimumVisualStudioVersion = 10.0.40219.1
Project("{FAE04EC0-301F-11D3-BF4B-00C04F79EFBC}") = "SimpleAPI", "SimpleAPI\SimpleAPI.csproj", "{925E1A49-9A3D-4F2D-A30A-D2B3F49BEA93}"
EndProject
Global
	GlobalSection(SolutionConfigurationPlatforms) = preSolution
		Debug|Any CPU = Debug|Any CPU
		Release|Any CPU = Release|Any CPU
	EndGlobalSection
	GlobalSection(ProjectConfigurationPlatforms) = postSolution
		{925E1A49-9A3D-4F2D-A30A-D2B3F49BEA93}.Debug|Any CPU.ActiveCfg = Debug|Any CPU
		{925E1A49-9A3D-4F2D-A30A-D2B3F49BEA93}.Debug|Any CPU.Build.0 = Debug|Any CPU
		{925E1A49-9A3D-4F2D-A30A-D2B3F49BEA93}.Release|Any CPU.ActiveCfg = Release|Any CPU
		{925E1A49-9A3D-4F2D-A30A-D2B3F49BEA93}.Release|Any CPU.Build.0 = Release|Any CPU
	EndGlobalSection
	GlobalSection(SolutionProperties) = preSolution
		HideSolutionNode = FALSE
	EndGlobalSection
	GlobalSection(ExtensibilityGlobals) = postSolution
		SolutionGuid = {F2C023C1-2EDE-4EEE-89ED-F2C7E55E5745}
	EndGlobalSection
EndGlobal
